
Microsoft Visual Studio Solution File, Format Version 12.00
# Visual Studio Version 17
VisualStudioVersion = 17.4.33213.308
MinimumVisualStudioVersion = 10.0.40219.1
Project("{FAE04EC0-301F-11D3-BF4B-00C04F79EFBC}") = "PRG1PR2223SA", "PRG1PR2223SA\PRG1PR2223SA.csproj", "{33424CC0-3E79-4C91-B136-6D5646A41972}"
EndProject
Global
	GlobalSection(SolutionConfigurationPlatforms) = preSolution
		Debug|Any CPU = Debug|Any CPU
		Release|Any CPU = Release|Any CPU
	EndGlobalSection
	GlobalSection(ProjectConfigurationPlatforms) = postSolution
		{33424CC0-3E79-4C91-B136-6D5646A41972}.Debug|Any CPU.ActiveCfg = Debug|Any CPU
		{33424CC0-3E79-4C91-B136-6D5646A41972}.Debug|Any CPU.Build.0 = Debug|Any CPU
		{33424CC0-3E79-4C91-B136-6D5646A41972}.Release|Any CPU.ActiveCfg = Release|Any CPU
		{33424CC0-3E79-4C91-B136-6D5646A41972}.Release|Any CPU.Build.0 = Release|Any CPU
	EndGlobalSection
	GlobalSection(SolutionProperties) = preSolution
		HideSolutionNode = FALSE
	EndGlobalSection
	GlobalSection(ExtensibilityGlobals) = postSolution
		SolutionGuid = {B79E9163-4578-4055-A0CE-668684C98C91}
	EndGlobalSection
EndGlobal
